
Microsoft Visual Studio Solution File, Format Version 12.00
# Visual Studio Version 17
VisualStudioVersion = 17.11.35312.102
MinimumVisualStudioVersion = 10.0.40219.1
Project("{FAE04EC0-301F-11D3-BF4B-00C04F79EFBC}") = "HTTP", "HTTP\HTTP.csproj", "{8150CF18-986B-4643-A38B-697BC7B488BE}"
EndProject
Project("{FAE04EC0-301F-11D3-BF4B-00C04F79EFBC}") = "MiniServer", "MiniServer\MiniServer.csproj", "{B20971A9-5B89-4286-BAAC-18566F538E57}"
EndProject
Global
	GlobalSection(SolutionConfigurationPlatforms) = preSolution
		Debug|Any CPU = Debug|Any CPU
		Release|Any CPU = Release|Any CPU
	EndGlobalSection
	GlobalSection(ProjectConfigurationPlatforms) = postSolution
		{8150CF18-986B-4643-A38B-697BC7B488BE}.Debug|Any CPU.ActiveCfg = Debug|Any CPU
		{8150CF18-986B-4643-A38B-697BC7B488BE}.Debug|Any CPU.Build.0 = Debug|Any CPU
		{8150CF18-986B-4643-A38B-697BC7B488BE}.Release|Any CPU.ActiveCfg = Release|Any CPU
		{8150CF18-986B-4643-A38B-697BC7B488BE}.Release|Any CPU.Build.0 = Release|Any CPU
		{B20971A9-5B89-4286-BAAC-18566F538E57}.Debug|Any CPU.ActiveCfg = Debug|Any CPU
		{B20971A9-5B89-4286-BAAC-18566F538E57}.Debug|Any CPU.Build.0 = Debug|Any CPU
		{B20971A9-5B89-4286-BAAC-18566F538E57}.Release|Any CPU.ActiveCfg = Release|Any CPU
		{B20971A9-5B89-4286-BAAC-18566F538E57}.Release|Any CPU.Build.0 = Release|Any CPU
	EndGlobalSection
	GlobalSection(SolutionProperties) = preSolution
		HideSolutionNode = FALSE
	EndGlobalSection
	GlobalSection(ExtensibilityGlobals) = postSolution
		SolutionGuid = {CEF5B9C0-EF54-4B8F-B8C1-886E8083CB12}
	EndGlobalSection
EndGlobal
